
Microsoft Visual Studio Solution File, Format Version 12.00
# Visual Studio Version 16
VisualStudioVersion = 16.0.32106.194
MinimumVisualStudioVersion = 10.0.40219.1
Project("{FAE04EC0-301F-11D3-BF4B-00C04F79EFBC}") = "GitHubsessions", "GitHubsessions\GitHubsessions.csproj", "{76776619-004B-41BD-84CC-F0D8E4332187}"
EndProject
Global
	GlobalSection(SolutionConfigurationPlatforms) = preSolution
		Debug|Any CPU = Debug|Any CPU
		Release|Any CPU = Release|Any CPU
	EndGlobalSection
	GlobalSection(ProjectConfigurationPlatforms) = postSolution
		{76776619-004B-41BD-84CC-F0D8E4332187}.Debug|Any CPU.ActiveCfg = Debug|Any CPU
		{76776619-004B-41BD-84CC-F0D8E4332187}.Debug|Any CPU.Build.0 = Debug|Any CPU
		{76776619-004B-41BD-84CC-F0D8E4332187}.Release|Any CPU.ActiveCfg = Release|Any CPU
		{76776619-004B-41BD-84CC-F0D8E4332187}.Release|Any CPU.Build.0 = Release|Any CPU
	EndGlobalSection
	GlobalSection(SolutionProperties) = preSolution
		HideSolutionNode = FALSE
	EndGlobalSection
	GlobalSection(ExtensibilityGlobals) = postSolution
		SolutionGuid = {B3DCC200-ACDE-45C8-8609-D239C414F0A3}
	EndGlobalSection
EndGlobal
